
Microsoft Visual Studio Solution File, Format Version 12.00
# Visual Studio Version 16
VisualStudioVersion = 16.0.29920.165
MinimumVisualStudioVersion = 10.0.40219.1
Project("{FAE04EC0-301F-11D3-BF4B-00C04F79EFBC}") = "Harjoitus 1", "Harjoitus 1\Harjoitus 1.csproj", "{11C32B75-0625-4022-8C54-B9B1A581E5E7}"
EndProject
Global
	GlobalSection(SolutionConfigurationPlatforms) = preSolution
		Debug|Any CPU = Debug|Any CPU
		Release|Any CPU = Release|Any CPU
	EndGlobalSection
	GlobalSection(ProjectConfigurationPlatforms) = postSolution
		{11C32B75-0625-4022-8C54-B9B1A581E5E7}.Debug|Any CPU.ActiveCfg = Debug|Any CPU
		{11C32B75-0625-4022-8C54-B9B1A581E5E7}.Debug|Any CPU.Build.0 = Debug|Any CPU
		{11C32B75-0625-4022-8C54-B9B1A581E5E7}.Release|Any CPU.ActiveCfg = Release|Any CPU
		{11C32B75-0625-4022-8C54-B9B1A581E5E7}.Release|Any CPU.Build.0 = Release|Any CPU
	EndGlobalSection
	GlobalSection(SolutionProperties) = preSolution
		HideSolutionNode = FALSE
	EndGlobalSection
	GlobalSection(ExtensibilityGlobals) = postSolution
		SolutionGuid = {42CD8EC0-5D33-47DC-B31E-B891FC4D9853}
	EndGlobalSection
EndGlobal
