
Microsoft Visual Studio Solution File, Format Version 12.00
# Visual Studio Version 16
VisualStudioVersion = 16.0.29920.165
MinimumVisualStudioVersion = 10.0.40219.1
Project("{FAE04EC0-301F-11D3-BF4B-00C04F79EFBC}") = "LukujenJarjestys", "LukujenJarjestys\LukujenJarjestys.csproj", "{2E4CE771-04D5-4573-92B2-60A0FECBAAF4}"
EndProject
Global
	GlobalSection(SolutionConfigurationPlatforms) = preSolution
		Debug|Any CPU = Debug|Any CPU
		Release|Any CPU = Release|Any CPU
	EndGlobalSection
	GlobalSection(ProjectConfigurationPlatforms) = postSolution
		{2E4CE771-04D5-4573-92B2-60A0FECBAAF4}.Debug|Any CPU.ActiveCfg = Debug|Any CPU
		{2E4CE771-04D5-4573-92B2-60A0FECBAAF4}.Debug|Any CPU.Build.0 = Debug|Any CPU
		{2E4CE771-04D5-4573-92B2-60A0FECBAAF4}.Release|Any CPU.ActiveCfg = Release|Any CPU
		{2E4CE771-04D5-4573-92B2-60A0FECBAAF4}.Release|Any CPU.Build.0 = Release|Any CPU
	EndGlobalSection
	GlobalSection(SolutionProperties) = preSolution
		HideSolutionNode = FALSE
	EndGlobalSection
	GlobalSection(ExtensibilityGlobals) = postSolution
		SolutionGuid = {DE47D55E-B249-4539-8283-E3B26136A9CC}
	EndGlobalSection
EndGlobal
