
Microsoft Visual Studio Solution File, Format Version 12.00
# Visual Studio Version 16
VisualStudioVersion = 16.0.29920.165
MinimumVisualStudioVersion = 10.0.40219.1
Project("{FAE04EC0-301F-11D3-BF4B-00C04F79EFBC}") = "Autokululaskuri", "Autokululaskuri\Autokululaskuri.csproj", "{104D6C5D-7C8A-4A89-85AB-C04A04FE4F65}"
EndProject
Global
	GlobalSection(SolutionConfigurationPlatforms) = preSolution
		Debug|Any CPU = Debug|Any CPU
		Release|Any CPU = Release|Any CPU
	EndGlobalSection
	GlobalSection(ProjectConfigurationPlatforms) = postSolution
		{104D6C5D-7C8A-4A89-85AB-C04A04FE4F65}.Debug|Any CPU.ActiveCfg = Debug|Any CPU
		{104D6C5D-7C8A-4A89-85AB-C04A04FE4F65}.Debug|Any CPU.Build.0 = Debug|Any CPU
		{104D6C5D-7C8A-4A89-85AB-C04A04FE4F65}.Release|Any CPU.ActiveCfg = Release|Any CPU
		{104D6C5D-7C8A-4A89-85AB-C04A04FE4F65}.Release|Any CPU.Build.0 = Release|Any CPU
	EndGlobalSection
	GlobalSection(SolutionProperties) = preSolution
		HideSolutionNode = FALSE
	EndGlobalSection
	GlobalSection(ExtensibilityGlobals) = postSolution
		SolutionGuid = {BB6E3042-E6CA-4BC4-9136-8D8865E4FB75}
	EndGlobalSection
EndGlobal
